// !$*UTF8*$!
{
	archiveVersion = 1;
	classes = {
	};
	objectVersion = 46;
	objects = {

/* Begin PBXBuildFile section */
		8424E8F21CF0CA0B0045A162 /* main.m in Sources */ = {isa = PBXBuildFile; fileRef = 8424E8F11CF0CA0B0045A162 /* main.m */; };
		8424E8FA1CF0D1010045A162 /* City.m in Sources */ = {isa = PBXBuildFile; fileRef = 8424E8F91CF0D1010045A162 /* City.m */; };
		8424E8FF1CF0D15A0045A162 /* Group.m in Sources */ = {isa = PBXBuildFile; fileRef = 8424E8FE1CF0D15A0045A162 /* Group.m */; };
		8424E9021CF0D1770045A162 /* Student.m in Sources */ = {isa = PBXBuildFile; fileRef = 8424E9011CF0D1770045A162 /* Student.m */; };
		8424E9051CF0D1A90045A162 /* Sort.m in Sources */ = {isa = PBXBuildFile; fileRef = 8424E9041CF0D1A90045A162 /* Sort.m */; };
		8424E9081CF1CBC60045A162 /* NamedObject.m in Sources */ = {isa = PBXBuildFile; fileRef = 8424E9071CF1CBC60045A162 /* NamedObject.m */; };
/* End PBXBuildFile section */

/* Begin PBXCopyFilesBuildPhase section */
		8424E8EC1CF0CA0B0045A162 /* CopyFiles */ = {
			isa = PBXCopyFilesBuildPhase;
			buildActionMask = 2147483647;
			dstPath = /usr/share/man/man1/;
			dstSubfolderSpec = 0;
			files = (
			);
			runOnlyForDeploymentPostprocessing = 1;
		};
/* End PBXCopyFilesBuildPhase section */

/* Begin PBXFileReference section */
		8424E8EE1CF0CA0B0045A162 /* StudentsTimSort */ = {isa = PBXFileReference; explicitFileType = "compiled.mach-o.executable"; includeInIndex = 0; path = StudentsTimSort; sourceTree = BUILT_PRODUCTS_DIR; };
		8424E8F11CF0CA0B0045A162 /* main.m */ = {isa = PBXFileReference; lastKnownFileType = sourcecode.c.objc; path = main.m; sourceTree = "<group>"; };
		8424E8F81CF0D0B60045A162 /* City.h */ = {isa = PBXFileReference; lastKnownFileType = sourcecode.c.h; path = City.h; sourceTree = "<group>"; };
		8424E8F91CF0D1010045A162 /* City.m */ = {isa = PBXFileReference; fileEncoding = 4; lastKnownFileType = sourcecode.c.objc; path = City.m; sourceTree = "<group>"; };
		8424E8FB1CF0D1180045A162 /* Group.h */ = {isa = PBXFileReference; lastKnownFileType = sourcecode.c.h; path = Group.h; sourceTree = "<group>"; };
		8424E8FE1CF0D15A0045A162 /* Group.m */ = {isa = PBXFileReference; fileEncoding = 4; lastKnownFileType = sourcecode.c.objc; path = Group.m; sourceTree = "<group>"; };
		8424E9001CF0D1670045A162 /* Student.h */ = {isa = PBXFileReference; lastKnownFileType = sourcecode.c.h; path = Student.h; sourceTree = "<group>"; };
		8424E9011CF0D1770045A162 /* Student.m */ = {isa = PBXFileReference; fileEncoding = 4; lastKnownFileType = sourcecode.c.objc; path = Student.m; sourceTree = "<group>"; };
		8424E9031CF0D19C0045A162 /* Sort.h */ = {isa = PBXFileReference; lastKnownFileType = sourcecode.c.h; path = Sort.h; sourceTree = "<group>"; };
		8424E9041CF0D1A90045A162 /* Sort.m */ = {isa = PBXFileReference; fileEncoding = 4; lastKnownFileType = sourcecode.c.objc; path = Sort.m; sourceTree = "<group>"; };
		8424E9061CF1C9A80045A162 /* NamedObject.h */ = {isa = PBXFileReference; lastKnownFileType = sourcecode.c.h; path = NamedObject.h; sourceTree = "<group>"; };
		8424E9071CF1CBC60045A162 /* NamedObject.m */ = {isa = PBXFileReference; fileEncoding = 4; lastKnownFileType = sourcecode.c.objc; path = NamedObject.m; sourceTree = "<group>"; };
/* End PBXFileReference section */

/* Begin PBXFrameworksBuildPhase section */
		8424E8EB1CF0CA0B0045A162 /* Frameworks */ = {
			isa = PBXFrameworksBuildPhase;
			buildActionMask = 2147483647;
			files = (
			);
			runOnlyForDeploymentPostprocessing = 0;
		};
/* End PBXFrameworksBuildPhase section */

/* Begin PBXGroup section */
		8424E8E51CF0CA0B0045A162 = {
			isa = PBXGroup;
			children = (
				8424E8F01CF0CA0B0045A162 /* StudentsTimSort */,
				8424E8EF1CF0CA0B0045A162 /* Products */,
			);
			sourceTree = "<group>";
		};
		8424E8EF1CF0CA0B0045A162 /* Products */ = {
			isa = PBXGroup;
			children = (
				8424E8EE1CF0CA0B0045A162 /* StudentsTimSort */,
			);
			name = Products;
			sourceTree = "<group>";
		};
		8424E8F01CF0CA0B0045A162 /* StudentsTimSort */ = {
			isa = PBXGroup;
			children = (
				8424E8F11CF0CA0B0045A162 /* main.m */,
				8424E8F81CF0D0B60045A162 /* City.h */,
				8424E8F91CF0D1010045A162 /* City.m */,
				8424E8FB1CF0D1180045A162 /* Group.h */,
				8424E8FE1CF0D15A0045A162 /* Group.m */,
				8424E9001CF0D1670045A162 /* Student.h */,
				8424E9011CF0D1770045A162 /* Student.m */,
				8424E9031CF0D19C0045A162 /* Sort.h */,
				8424E9041CF0D1A90045A162 /* Sort.m */,
				8424E9061CF1C9A80045A162 /* NamedObject.h */,
				8424E9071CF1CBC60045A162 /* NamedObject.m */,
			);
			path = StudentsTimSort;
			sourceTree = "<group>";
		};
/* End PBXGroup section */

/* Begin PBXNativeTarget section */
		8424E8ED1CF0CA0B0045A162 /* StudentsTimSort */ = {
			isa = PBXNativeTarget;
			buildConfigurationList = 8424E8F51CF0CA0B0045A162 /* Build configuration list for PBXNativeTarget "StudentsTimSort" */;
			buildPhases = (
				8424E8EA1CF0CA0B0045A162 /* Sources */,
				8424E8EB1CF0CA0B0045A162 /* Frameworks */,
				8424E8EC1CF0CA0B0045A162 /* CopyFiles */,
			);
			buildRules = (
			);
			dependencies = (
			);
			name = StudentsTimSort;
			productName = StudentsTimSort;
			productReference = 8424E8EE1CF0CA0B0045A162 /* StudentsTimSort */;
			productType = "com.apple.product-type.tool";
		};
/* End PBXNativeTarget section */

/* Begin PBXProject section */
		8424E8E61CF0CA0B0045A162 /* Project object */ = {
			isa = PBXProject;
			attributes = {
				LastUpgradeCheck = 0720;
				ORGANIZATIONNAME = SSAU;
				TargetAttributes = {
					8424E8ED1CF0CA0B0045A162 = {
						CreatedOnToolsVersion = 7.2.1;
					};
				};
			};
			buildConfigurationList = 8424E8E91CF0CA0B0045A162 /* Build configuration list for PBXProject "StudentsTimSort" */;
			compatibilityVersion = "Xcode 3.2";
			developmentRegion = English;
			hasScannedForEncodings = 0;
			knownRegions = (
				en,
			);
			mainGroup = 8424E8E51CF0CA0B0045A162;
			productRefGroup = 8424E8EF1CF0CA0B0045A162 /* Products */;
			projectDirPath = "";
			projectRoot = "";
			targets = (
				8424E8ED1CF0CA0B0045A162 /* StudentsTimSort */,
			);
		};
/* End PBXProject section */

/* Begin PBXSourcesBuildPhase section */
		8424E8EA1CF0CA0B0045A162 /* Sources */ = {
			isa = PBXSourcesBuildPhase;
			buildActionMask = 2147483647;
			files = (
				8424E9081CF1CBC60045A162 /* NamedObject.m in Sources */,
				8424E9051CF0D1A90045A162 /* Sort.m in Sources */,
				8424E8FF1CF0D15A0045A162 /* Group.m in Sources */,
				8424E8FA1CF0D1010045A162 /* City.m in Sources */,
				8424E8F21CF0CA0B0045A162 /* main.m in Sources */,
				8424E9021CF0D1770045A162 /* Student.m in Sources */,
			);
			runOnlyForDeploymentPostprocessing = 0;
		};
/* End PBXSourcesBuildPhase section */

/* Begin XCBuildConfiguration section */
		8424E8F31CF0CA0B0045A162 /* Debug */ = {
			isa = XCBuildConfiguration;
			buildSettings = {
				ALWAYS_SEARCH_USER_PATHS = NO;
				CLANG_CXX_LANGUAGE_STANDARD = "gnu++0x";
				CLANG_CXX_LIBRARY = "libc++";
				CLANG_ENABLE_MODULES = YES;
				CLANG_ENABLE_OBJC_ARC = YES;
				CLANG_WARN_BOOL_CONVERSION = YES;
				CLANG_WARN_CONSTANT_CONVERSION = YES;
				CLANG_WARN_DIRECT_OBJC_ISA_USAGE = YES_ERROR;
				CLANG_WARN_EMPTY_BODY = YES;
				CLANG_WARN_ENUM_CONVERSION = YES;
				CLANG_WARN_INT_CONVERSION = YES;
				CLANG_WARN_OBJC_ROOT_CLASS = YES_ERROR;
				CLANG_WARN_UNREACHABLE_CODE = YES;
				CLANG_WARN__DUPLICATE_METHOD_MATCH = YES;
				CODE_SIGN_IDENTITY = "-";
				COPY_PHASE_STRIP = NO;
				DEBUG_INFORMATION_FORMAT = dwarf;
				ENABLE_STRICT_OBJC_MSGSEND = YES;
				ENABLE_TESTABILITY = YES;
				GCC_C_LANGUAGE_STANDARD = gnu99;
				GCC_DYNAMIC_NO_PIC = NO;
				GCC_NO_COMMON_BLOCKS = YES;
				GCC_OPTIMIZATION_LEVEL = 0;
				GCC_PREPROCESSOR_DEFINITIONS = (
					"DEBUG=1",
					"$(inherited)",
				);
				GCC_WARN_64_TO_32_BIT_CONVERSION = YES;
				GCC_WARN_ABOUT_RETURN_TYPE = YES_ERROR;
				GCC_WARN_UNDECLARED_SELECTOR = YES;
				GCC_WARN_UNINITIALIZED_AUTOS = YES_AGGRESSIVE;
				GCC_WARN_UNUSED_FUNCTION = YES;
				GCC_WARN_UNUSED_VARIABLE = YES;
				MACOSX_DEPLOYMENT_TARGET = 10.11;
				MTL_ENABLE_DEBUG_INFO = YES;
				ONLY_ACTIVE_ARCH = YES;
				SDKROOT = macosx;
			};
			name = Debug;
		};
		8424E8F41CF0CA0B0045A162 /* Release */ = {
			isa = XCBuildConfiguration;
			buildSettings = {
				ALWAYS_SEARCH_USER_PATHS = NO;
				CLANG_CXX_LANGUAGE_STANDARD = "gnu++0x";
				CLANG_CXX_LIBRARY = "libc++";
				CLANG_ENABLE_MODULES = YES;
				CLANG_ENABLE_OBJC_ARC = YES;
				CLANG_WARN_BOOL_CONVERSION = YES;
				CLANG_WARN_CONSTANT_CONVERSION = YES;
				CLANG_WARN_DIRECT_OBJC_ISA_USAGE = YES_ERROR;
				CLANG_WARN_EMPTY_BODY = YES;
				CLANG_WARN_ENUM_CONVERSION = YES;
				CLANG_WARN_INT_CONVERSION = YES;
				CLANG_WARN_OBJC_ROOT_CLASS = YES_ERROR;
				CLANG_WARN_UNREACHABLE_CODE = YES;
				CLANG_WARN__DUPLICATE_METHOD_MATCH = YES;
				CODE_SIGN_IDENTITY = "-";
				COPY_PHASE_STRIP = NO;
				DEBUG_INFORMATION_FORMAT = "dwarf-with-dsym";
				ENABLE_NS_ASSERTIONS = NO;
				ENABLE_STRICT_OBJC_MSGSEND = YES;
				GCC_C_LANGUAGE_STANDARD = gnu99;
				GCC_NO_COMMON_BLOCKS = YES;
				GCC_WARN_64_TO_32_BIT_CONVERSION = YES;
				GCC_WARN_ABOUT_RETURN_TYPE = YES_ERROR;
				GCC_WARN_UNDECLARED_SELECTOR = YES;
				GCC_WARN_UNINITIALIZED_AUTOS = YES_AGGRESSIVE;
				GCC_WARN_UNUSED_FUNCTION = YES;
				GCC_WARN_UNUSED_VARIABLE = YES;
				MACOSX_DEPLOYMENT_TARGET = 10.11;
				MTL_ENABLE_DEBUG_INFO = NO;
				SDKROOT = macosx;
			};
			name = Release;
		};
		8424E8F61CF0CA0B0045A162 /* Debug */ = {
			isa = XCBuildConfiguration;
			buildSettings = {
				PRODUCT_NAME = "$(TARGET_NAME)";
			};
			name = Debug;
		};
		8424E8F71CF0CA0B0045A162 /* Release */ = {
			isa = XCBuildConfiguration;
			buildSettings = {
				PRODUCT_NAME = "$(TARGET_NAME)";
			};
			name = Release;
		};
/* End XCBuildConfiguration section */

/* Begin XCConfigurationList section */
		8424E8E91CF0CA0B0045A162 /* Build configuration list for PBXProject "StudentsTimSort" */ = {
			isa = XCConfigurationList;
			buildConfigurations = (
				8424E8F31CF0CA0B0045A162 /* Debug */,
				8424E8F41CF0CA0B0045A162 /* Release */,
			);
			defaultConfigurationIsVisible = 0;
			defaultConfigurationName = Release;
		};
		8424E8F51CF0CA0B0045A162 /* Build configuration list for PBXNativeTarget "StudentsTimSort" */ = {
			isa = XCConfigurationList;
			buildConfigurations = (
				8424E8F61CF0CA0B0045A162 /* Debug */,
				8424E8F71CF0CA0B0045A162 /* Release */,
			);
			defaultConfigurationIsVisible = 0;
		};
/* End XCConfigurationList section */
	};
	rootObject = 8424E8E61CF0CA0B0045A162 /* Project object */;
}
